
Microsoft Visual Studio Solution File, Format Version 12.00
# Visual Studio Version 16
VisualStudioVersion = 16.0.809.6
MinimumVisualStudioVersion = 10.0.40219.1
Project("{FAE04EC0-301F-11D3-BF4B-00C04F79EFBC}") = "Cmc.Ecommerce.Api", "Cmc.Ecommerce.Api.csproj", "{ADF62079-C98F-4448-8AFB-7E4ABB357E89}"
EndProject
Global
	GlobalSection(SolutionConfigurationPlatforms) = preSolution
		Debug|Any CPU = Debug|Any CPU
		Release|Any CPU = Release|Any CPU
	EndGlobalSection
	GlobalSection(ProjectConfigurationPlatforms) = postSolution
		{ADF62079-C98F-4448-8AFB-7E4ABB357E89}.Debug|Any CPU.ActiveCfg = Debug|Any CPU
		{ADF62079-C98F-4448-8AFB-7E4ABB357E89}.Debug|Any CPU.Build.0 = Debug|Any CPU
		{ADF62079-C98F-4448-8AFB-7E4ABB357E89}.Release|Any CPU.ActiveCfg = Release|Any CPU
		{ADF62079-C98F-4448-8AFB-7E4ABB357E89}.Release|Any CPU.Build.0 = Release|Any CPU
	EndGlobalSection
	GlobalSection(SolutionProperties) = preSolution
		HideSolutionNode = FALSE
	EndGlobalSection
	GlobalSection(ExtensibilityGlobals) = postSolution
		SolutionGuid = {B67AB05F-BD78-4725-8CD6-FC7E09EB384B}
	EndGlobalSection
EndGlobal
